
Microsoft Visual Studio Solution File, Format Version 12.00
# Visual Studio 15
VisualStudioVersion = 15.0.27130.2026
MinimumVisualStudioVersion = 10.0.40219.1
Project("{FAE04EC0-301F-11D3-BF4B-00C04F79EFBC}") = "Norepeatlottery", "Norepeatlottery\Norepeatlottery.csproj", "{50E3AE4F-389D-49EA-9BD8-5B238F826AF2}"
EndProject
Global
	GlobalSection(SolutionConfigurationPlatforms) = preSolution
		Debug|Any CPU = Debug|Any CPU
		Release|Any CPU = Release|Any CPU
	EndGlobalSection
	GlobalSection(ProjectConfigurationPlatforms) = postSolution
		{50E3AE4F-389D-49EA-9BD8-5B238F826AF2}.Debug|Any CPU.ActiveCfg = Debug|Any CPU
		{50E3AE4F-389D-49EA-9BD8-5B238F826AF2}.Debug|Any CPU.Build.0 = Debug|Any CPU
		{50E3AE4F-389D-49EA-9BD8-5B238F826AF2}.Release|Any CPU.ActiveCfg = Release|Any CPU
		{50E3AE4F-389D-49EA-9BD8-5B238F826AF2}.Release|Any CPU.Build.0 = Release|Any CPU
	EndGlobalSection
	GlobalSection(SolutionProperties) = preSolution
		HideSolutionNode = FALSE
	EndGlobalSection
	GlobalSection(ExtensibilityGlobals) = postSolution
		SolutionGuid = {72FEC0EF-5ED7-46E9-8B7C-D668BB6E8480}
	EndGlobalSection
EndGlobal
